
Microsoft Visual Studio Solution File, Format Version 12.00
# Visual Studio Version 17
VisualStudioVersion = 17.3.32901.215
MinimumVisualStudioVersion = 10.0.40219.1
Project("{FAE04EC0-301F-11D3-BF4B-00C04F79EFBC}") = "ConsoleApp9", "ConsoleApp9\ConsoleApp9.csproj", "{41EC9A82-0622-4534-98A5-0046CBE14B1A}"
EndProject
Global
	GlobalSection(SolutionConfigurationPlatforms) = preSolution
		Debug|Any CPU = Debug|Any CPU
		Release|Any CPU = Release|Any CPU
	EndGlobalSection
	GlobalSection(ProjectConfigurationPlatforms) = postSolution
		{41EC9A82-0622-4534-98A5-0046CBE14B1A}.Debug|Any CPU.ActiveCfg = Debug|Any CPU
		{41EC9A82-0622-4534-98A5-0046CBE14B1A}.Debug|Any CPU.Build.0 = Debug|Any CPU
		{41EC9A82-0622-4534-98A5-0046CBE14B1A}.Release|Any CPU.ActiveCfg = Release|Any CPU
		{41EC9A82-0622-4534-98A5-0046CBE14B1A}.Release|Any CPU.Build.0 = Release|Any CPU
	EndGlobalSection
	GlobalSection(SolutionProperties) = preSolution
		HideSolutionNode = FALSE
	EndGlobalSection
	GlobalSection(ExtensibilityGlobals) = postSolution
		SolutionGuid = {8FE41AF9-B3A7-43A7-89CA-679757037B72}
	EndGlobalSection
EndGlobal
